
Microsoft Visual Studio Solution File, Format Version 12.00
# Visual Studio Version 16
VisualStudioVersion = 16.0.31410.357
MinimumVisualStudioVersion = 10.0.40219.1
Project("{FAE04EC0-301F-11D3-BF4B-00C04F79EFBC}") = "GOSPSC", "GOSPSC.csproj", "{8D536702-73EA-461D-8AF1-288DD551078A}"
EndProject
Global
	GlobalSection(SolutionConfigurationPlatforms) = preSolution
		Debug|Any CPU = Debug|Any CPU
		GOSPSC|Any CPU = GOSPSC|Any CPU
		Release|Any CPU = Release|Any CPU
	EndGlobalSection
	GlobalSection(ProjectConfigurationPlatforms) = postSolution
		{8D536702-73EA-461D-8AF1-288DD551078A}.Debug|Any CPU.ActiveCfg = Debug|Any CPU
		{8D536702-73EA-461D-8AF1-288DD551078A}.Debug|Any CPU.Build.0 = Debug|Any CPU
		{8D536702-73EA-461D-8AF1-288DD551078A}.GOSPSC|Any CPU.ActiveCfg = GOSPSC|Any CPU
		{8D536702-73EA-461D-8AF1-288DD551078A}.GOSPSC|Any CPU.Build.0 = GOSPSC|Any CPU
		{8D536702-73EA-461D-8AF1-288DD551078A}.Release|Any CPU.ActiveCfg = Release|Any CPU
		{8D536702-73EA-461D-8AF1-288DD551078A}.Release|Any CPU.Build.0 = Release|Any CPU
	EndGlobalSection
	GlobalSection(SolutionProperties) = preSolution
		HideSolutionNode = FALSE
	EndGlobalSection
	GlobalSection(ExtensibilityGlobals) = postSolution
		SolutionGuid = {7B4931B6-C230-4002-9838-1C11BBC2AF06}
	EndGlobalSection
EndGlobal
